
Microsoft Visual Studio Solution File, Format Version 12.00
# Visual Studio 2013
VisualStudioVersion = 12.0.40629.0
MinimumVisualStudioVersion = 10.0.40219.1
Project("{2150E333-8FDC-42A3-9474-1A3956D46DE8}") = "01-Presentation", "01-Presentation", "{6B00C3EF-F7E7-44CB-BDCC-1B6AF0E07A28}"
EndProject
Project("{2150E333-8FDC-42A3-9474-1A3956D46DE8}") = "02-Application", "02-Application", "{B2935E17-81B7-439C-912B-72E439BA2DDB}"
EndProject
Project("{2150E333-8FDC-42A3-9474-1A3956D46DE8}") = "03-Domain", "03-Domain", "{3FF95F77-424A-482C-9523-87ABA8BDC831}"
EndProject
Project("{2150E333-8FDC-42A3-9474-1A3956D46DE8}") = "04-Data", "04-Data", "{00CD338D-D9DB-4F70-BD8B-0B66AF3F4CB8}"
EndProject
Project("{2150E333-8FDC-42A3-9474-1A3956D46DE8}") = "05-Infrastructure", "05-Infrastructure", "{EE599BC2-C444-4F2E-9986-4852A2399C9A}"
EndProject
Project("{FAE04EC0-301F-11D3-BF4B-00C04F79EFBC}") = "Repository", "Repository\Repository.csproj", "{1A85D578-97DF-4BD5-8DF6-2A80DFB22090}"
EndProject
Project("{FAE04EC0-301F-11D3-BF4B-00C04F79EFBC}") = "Infrastructure", "Infrastructure\Infrastructure.csproj", "{0C95EB59-4B2D-4694-8157-AC0D7351AD63}"
EndProject
Project("{FAE04EC0-301F-11D3-BF4B-00C04F79EFBC}") = "Domain", "Domain\Domain.csproj", "{C6706FFF-23E0-44ED-A2BB-7AEA06E08100}"
EndProject
Project("{FAE04EC0-301F-11D3-BF4B-00C04F79EFBC}") = "WebApp", "WebApp\WebApp.csproj", "{C242748A-5794-41D9-BFC1-F0435C73ED01}"
EndProject
Project("{FAE04EC0-301F-11D3-BF4B-00C04F79EFBC}") = "Application", "Application\Application.csproj", "{5D44DFAA-C8D8-40CA-99CE-688EB3AC00AE}"
EndProject
Project("{2150E333-8FDC-42A3-9474-1A3956D46DE8}") = "06-PagSeguro", "06-PagSeguro", "{BD9ABE7B-8FDB-467D-A60C-EEAFF764894C}"
EndProject
Project("{FAE04EC0-301F-11D3-BF4B-00C04F79EFBC}") = "Uol.PagSeguro", "Boleirobr\Uol.PagSeguro\Uol.PagSeguro.csproj", "{BABC5658-6AFD-4F8E-81F1-434553663D99}"
EndProject
Global
	GlobalSection(SolutionConfigurationPlatforms) = preSolution
		Debug|Any CPU = Debug|Any CPU
		Release|Any CPU = Release|Any CPU
	EndGlobalSection
	GlobalSection(ProjectConfigurationPlatforms) = postSolution
		{1A85D578-97DF-4BD5-8DF6-2A80DFB22090}.Debug|Any CPU.ActiveCfg = Debug|Any CPU
		{1A85D578-97DF-4BD5-8DF6-2A80DFB22090}.Debug|Any CPU.Build.0 = Debug|Any CPU
		{1A85D578-97DF-4BD5-8DF6-2A80DFB22090}.Release|Any CPU.ActiveCfg = Release|Any CPU
		{1A85D578-97DF-4BD5-8DF6-2A80DFB22090}.Release|Any CPU.Build.0 = Release|Any CPU
		{0C95EB59-4B2D-4694-8157-AC0D7351AD63}.Debug|Any CPU.ActiveCfg = Debug|Any CPU
		{0C95EB59-4B2D-4694-8157-AC0D7351AD63}.Debug|Any CPU.Build.0 = Debug|Any CPU
		{0C95EB59-4B2D-4694-8157-AC0D7351AD63}.Release|Any CPU.ActiveCfg = Release|Any CPU
		{0C95EB59-4B2D-4694-8157-AC0D7351AD63}.Release|Any CPU.Build.0 = Release|Any CPU
		{C6706FFF-23E0-44ED-A2BB-7AEA06E08100}.Debug|Any CPU.ActiveCfg = Debug|Any CPU
		{C6706FFF-23E0-44ED-A2BB-7AEA06E08100}.Debug|Any CPU.Build.0 = Debug|Any CPU
		{C6706FFF-23E0-44ED-A2BB-7AEA06E08100}.Release|Any CPU.ActiveCfg = Release|Any CPU
		{C6706FFF-23E0-44ED-A2BB-7AEA06E08100}.Release|Any CPU.Build.0 = Release|Any CPU
		{C242748A-5794-41D9-BFC1-F0435C73ED01}.Debug|Any CPU.ActiveCfg = Debug|Any CPU
		{C242748A-5794-41D9-BFC1-F0435C73ED01}.Debug|Any CPU.Build.0 = Debug|Any CPU
		{C242748A-5794-41D9-BFC1-F0435C73ED01}.Release|Any CPU.ActiveCfg = Release|Any CPU
		{C242748A-5794-41D9-BFC1-F0435C73ED01}.Release|Any CPU.Build.0 = Release|Any CPU
		{5D44DFAA-C8D8-40CA-99CE-688EB3AC00AE}.Debug|Any CPU.ActiveCfg = Debug|Any CPU
		{5D44DFAA-C8D8-40CA-99CE-688EB3AC00AE}.Debug|Any CPU.Build.0 = Debug|Any CPU
		{5D44DFAA-C8D8-40CA-99CE-688EB3AC00AE}.Release|Any CPU.ActiveCfg = Release|Any CPU
		{5D44DFAA-C8D8-40CA-99CE-688EB3AC00AE}.Release|Any CPU.Build.0 = Release|Any CPU
		{BABC5658-6AFD-4F8E-81F1-434553663D99}.Debug|Any CPU.ActiveCfg = Debug|Any CPU
		{BABC5658-6AFD-4F8E-81F1-434553663D99}.Debug|Any CPU.Build.0 = Debug|Any CPU
		{BABC5658-6AFD-4F8E-81F1-434553663D99}.Release|Any CPU.ActiveCfg = Release|Any CPU
		{BABC5658-6AFD-4F8E-81F1-434553663D99}.Release|Any CPU.Build.0 = Release|Any CPU
	EndGlobalSection
	GlobalSection(SolutionProperties) = preSolution
		HideSolutionNode = FALSE
	EndGlobalSection
	GlobalSection(NestedProjects) = preSolution
		{1A85D578-97DF-4BD5-8DF6-2A80DFB22090} = {00CD338D-D9DB-4F70-BD8B-0B66AF3F4CB8}
		{0C95EB59-4B2D-4694-8157-AC0D7351AD63} = {EE599BC2-C444-4F2E-9986-4852A2399C9A}
		{C6706FFF-23E0-44ED-A2BB-7AEA06E08100} = {3FF95F77-424A-482C-9523-87ABA8BDC831}
		{C242748A-5794-41D9-BFC1-F0435C73ED01} = {6B00C3EF-F7E7-44CB-BDCC-1B6AF0E07A28}
		{5D44DFAA-C8D8-40CA-99CE-688EB3AC00AE} = {B2935E17-81B7-439C-912B-72E439BA2DDB}
		{BABC5658-6AFD-4F8E-81F1-434553663D99} = {BD9ABE7B-8FDB-467D-A60C-EEAFF764894C}
	EndGlobalSection
EndGlobal
